
Microsoft Visual Studio Solution File, Format Version 12.00
# Visual Studio Version 16
VisualStudioVersion = 16.0.31321.278
MinimumVisualStudioVersion = 10.0.40219.1
Project("{FAE04EC0-301F-11D3-BF4B-00C04F79EFBC}") = "WebApp", "WebApp\WebApp.csproj", "{6EBE88A0-F238-4EF8-A79B-040F0B07832B}"
EndProject
Project("{FAE04EC0-301F-11D3-BF4B-00C04F79EFBC}") = "Repository", "Repository\Repository.csproj", "{BF114D0A-D554-497E-B510-3758271567D3}"
EndProject
Global
	GlobalSection(SolutionConfigurationPlatforms) = preSolution
		Debug|Any CPU = Debug|Any CPU
		Release|Any CPU = Release|Any CPU
	EndGlobalSection
	GlobalSection(ProjectConfigurationPlatforms) = postSolution
		{6EBE88A0-F238-4EF8-A79B-040F0B07832B}.Debug|Any CPU.ActiveCfg = Debug|Any CPU
		{6EBE88A0-F238-4EF8-A79B-040F0B07832B}.Debug|Any CPU.Build.0 = Debug|Any CPU
		{6EBE88A0-F238-4EF8-A79B-040F0B07832B}.Release|Any CPU.ActiveCfg = Release|Any CPU
		{6EBE88A0-F238-4EF8-A79B-040F0B07832B}.Release|Any CPU.Build.0 = Release|Any CPU
		{BF114D0A-D554-497E-B510-3758271567D3}.Debug|Any CPU.ActiveCfg = Debug|Any CPU
		{BF114D0A-D554-497E-B510-3758271567D3}.Debug|Any CPU.Build.0 = Debug|Any CPU
		{BF114D0A-D554-497E-B510-3758271567D3}.Release|Any CPU.ActiveCfg = Release|Any CPU
		{BF114D0A-D554-497E-B510-3758271567D3}.Release|Any CPU.Build.0 = Release|Any CPU
	EndGlobalSection
	GlobalSection(SolutionProperties) = preSolution
		HideSolutionNode = FALSE
	EndGlobalSection
	GlobalSection(ExtensibilityGlobals) = postSolution
		SolutionGuid = {ABD81E49-23A7-4D0A-B314-9C94E8162A76}
	EndGlobalSection
EndGlobal
